// !$*UTF8*$!
{
	archiveVersion = 1;
	classes = {
	};
	objectVersion = 46;
	objects = {

/* Begin PBXBuildFile section */
		A1194F7F19309EF500F38596 /* Foundation.framework in Frameworks */ = {isa = PBXBuildFile; fileRef = A1194F7E19309EF500F38596 /* Foundation.framework */; };
		A1194F8119309EF500F38596 /* CoreGraphics.framework in Frameworks */ = {isa = PBXBuildFile; fileRef = A1194F8019309EF500F38596 /* CoreGraphics.framework */; };
		A1194F8319309EF500F38596 /* UIKit.framework in Frameworks */ = {isa = PBXBuildFile; fileRef = A1194F8219309EF500F38596 /* UIKit.framework */; };
		A1194F8919309EF500F38596 /* InfoPlist.strings in Resources */ = {isa = PBXBuildFile; fileRef = A1194F8719309EF500F38596 /* InfoPlist.strings */; };
		A1194F8B19309EF500F38596 /* main.m in Sources */ = {isa = PBXBuildFile; fileRef = A1194F8A19309EF500F38596 /* main.m */; };
		A1194F8F19309EF500F38596 /* AppDelegate.m in Sources */ = {isa = PBXBuildFile; fileRef = A1194F8E19309EF500F38596 /* AppDelegate.m */; };
		A1194F9119309EF500F38596 /* Images.xcassets in Resources */ = {isa = PBXBuildFile; fileRef = A1194F9019309EF500F38596 /* Images.xcassets */; };
		A1194F9819309EF500F38596 /* XCTest.framework in Frameworks */ = {isa = PBXBuildFile; fileRef = A1194F9719309EF500F38596 /* XCTest.framework */; };
		A1194F9919309EF500F38596 /* Foundation.framework in Frameworks */ = {isa = PBXBuildFile; fileRef = A1194F7E19309EF500F38596 /* Foundation.framework */; };
		A1194F9A19309EF500F38596 /* UIKit.framework in Frameworks */ = {isa = PBXBuildFile; fileRef = A1194F8219309EF500F38596 /* UIKit.framework */; };
		A1194FA219309EF500F38596 /* InfoPlist.strings in Resources */ = {isa = PBXBuildFile; fileRef = A1194FA019309EF500F38596 /* InfoPlist.strings */; };
		A1194FA419309EF500F38596 /* netewaikenaiTests.m in Sources */ = {isa = PBXBuildFile; fileRef = A1194FA319309EF500F38596 /* netewaikenaiTests.m */; };
		A1194FAF1930A00A00F38596 /* TopViewController.m in Sources */ = {isa = PBXBuildFile; fileRef = A1194FAE1930A00A00F38596 /* TopViewController.m */; };
		A1194FB11930A6B000F38596 /* hiyo.png in Resources */ = {isa = PBXBuildFile; fileRef = A1194FB01930A6B000F38596 /* hiyo.png */; };
		A1194FB41930B4B500F38596 /* GameViewController.m in Sources */ = {isa = PBXBuildFile; fileRef = A1194FB31930B4B500F38596 /* GameViewController.m */; };
/* End PBXBuildFile section */

/* Begin PBXContainerItemProxy section */
		A1194F9B19309EF500F38596 /* PBXContainerItemProxy */ = {
			isa = PBXContainerItemProxy;
			containerPortal = A1194F7319309EF400F38596 /* Project object */;
			proxyType = 1;
			remoteGlobalIDString = A1194F7A19309EF400F38596;
			remoteInfo = netewaikenai;
		};
/* End PBXContainerItemProxy section */

/* Begin PBXFileReference section */
		A1194F7B19309EF500F38596 /* netewaikenai.app */ = {isa = PBXFileReference; explicitFileType = wrapper.application; includeInIndex = 0; path = netewaikenai.app; sourceTree = BUILT_PRODUCTS_DIR; };
		A1194F7E19309EF500F38596 /* Foundation.framework */ = {isa = PBXFileReference; lastKnownFileType = wrapper.framework; name = Foundation.framework; path = System/Library/Frameworks/Foundation.framework; sourceTree = SDKROOT; };
		A1194F8019309EF500F38596 /* CoreGraphics.framework */ = {isa = PBXFileReference; lastKnownFileType = wrapper.framework; name = CoreGraphics.framework; path = System/Library/Frameworks/CoreGraphics.framework; sourceTree = SDKROOT; };
		A1194F8219309EF500F38596 /* UIKit.framework */ = {isa = PBXFileReference; lastKnownFileType = wrapper.framework; name = UIKit.framework; path = System/Library/Frameworks/UIKit.framework; sourceTree = SDKROOT; };
		A1194F8619309EF500F38596 /* netewaikenai-Info.plist */ = {isa = PBXFileReference; lastKnownFileType = text.plist.xml; path = "netewaikenai-Info.plist"; sourceTree = "<group>"; };
		A1194F8819309EF500F38596 /* en */ = {isa = PBXFileReference; lastKnownFileType = text.plist.strings; name = en; path = en.lproj/InfoPlist.strings; sourceTree = "<group>"; };
		A1194F8A19309EF500F38596 /* main.m */ = {isa = PBXFileReference; lastKnownFileType = sourcecode.c.objc; path = main.m; sourceTree = "<group>"; };
		A1194F8C19309EF500F38596 /* netewaikenai-Prefix.pch */ = {isa = PBXFileReference; lastKnownFileType = sourcecode.c.h; path = "netewaikenai-Prefix.pch"; sourceTree = "<group>"; };
		A1194F8D19309EF500F38596 /* AppDelegate.h */ = {isa = PBXFileReference; lastKnownFileType = sourcecode.c.h; path = AppDelegate.h; sourceTree = "<group>"; };
		A1194F8E19309EF500F38596 /* AppDelegate.m */ = {isa = PBXFileReference; lastKnownFileType = sourcecode.c.objc; path = AppDelegate.m; sourceTree = "<group>"; };
		A1194F9019309EF500F38596 /* Images.xcassets */ = {isa = PBXFileReference; lastKnownFileType = folder.assetcatalog; path = Images.xcassets; sourceTree = "<group>"; };
		A1194F9619309EF500F38596 /* netewaikenaiTests.xctest */ = {isa = PBXFileReference; explicitFileType = wrapper.cfbundle; includeInIndex = 0; path = netewaikenaiTests.xctest; sourceTree = BUILT_PRODUCTS_DIR; };
		A1194F9719309EF500F38596 /* XCTest.framework */ = {isa = PBXFileReference; lastKnownFileType = wrapper.framework; name = XCTest.framework; path = Library/Frameworks/XCTest.framework; sourceTree = DEVELOPER_DIR; };
		A1194F9F19309EF500F38596 /* netewaikenaiTests-Info.plist */ = {isa = PBXFileReference; lastKnownFileType = text.plist.xml; path = "netewaikenaiTests-Info.plist"; sourceTree = "<group>"; };
		A1194FA119309EF500F38596 /* en */ = {isa = PBXFileReference; lastKnownFileType = text.plist.strings; name = en; path = en.lproj/InfoPlist.strings; sourceTree = "<group>"; };
		A1194FA319309EF500F38596 /* netewaikenaiTests.m */ = {isa = PBXFileReference; lastKnownFileType = sourcecode.c.objc; path = netewaikenaiTests.m; sourceTree = "<group>"; };
		A1194FAD1930A00A00F38596 /* TopViewController.h */ = {isa = PBXFileReference; fileEncoding = 4; lastKnownFileType = sourcecode.c.h; path = TopViewController.h; sourceTree = "<group>"; };
		A1194FAE1930A00A00F38596 /* TopViewController.m */ = {isa = PBXFileReference; fileEncoding = 4; lastKnownFileType = sourcecode.c.objc; path = TopViewController.m; sourceTree = "<group>"; };
		A1194FB01930A6B000F38596 /* hiyo.png */ = {isa = PBXFileReference; lastKnownFileType = image.png; path = hiyo.png; sourceTree = "<group>"; };
		A1194FB21930B4B500F38596 /* GameViewController.h */ = {isa = PBXFileReference; fileEncoding = 4; lastKnownFileType = sourcecode.c.h; path = GameViewController.h; sourceTree = "<group>"; };
		A1194FB31930B4B500F38596 /* GameViewController.m */ = {isa = PBXFileReference; fileEncoding = 4; lastKnownFileType = sourcecode.c.objc; path = GameViewController.m; sourceTree = "<group>"; };
/* End PBXFileReference section */

/* Begin PBXFrameworksBuildPhase section */
		A1194F7819309EF400F38596 /* Frameworks */ = {
			isa = PBXFrameworksBuildPhase;
			buildActionMask = 2147483647;
			files = (
				A1194F8119309EF500F38596 /* CoreGraphics.framework in Frameworks */,
				A1194F8319309EF500F38596 /* UIKit.framework in Frameworks */,
				A1194F7F19309EF500F38596 /* Foundation.framework in Frameworks */,
			);
			runOnlyForDeploymentPostprocessing = 0;
		};
		A1194F9319309EF500F38596 /* Frameworks */ = {
			isa = PBXFrameworksBuildPhase;
			buildActionMask = 2147483647;
			files = (
				A1194F9819309EF500F38596 /* XCTest.framework in Frameworks */,
				A1194F9A19309EF500F38596 /* UIKit.framework in Frameworks */,
				A1194F9919309EF500F38596 /* Foundation.framework in Frameworks */,
			);
			runOnlyForDeploymentPostprocessing = 0;
		};
/* End PBXFrameworksBuildPhase section */

/* Begin PBXGroup section */
		A1194F7219309EF400F38596 = {
			isa = PBXGroup;
			children = (
				A1194F8419309EF500F38596 /* netewaikenai */,
				A1194F9D19309EF500F38596 /* netewaikenaiTests */,
				A1194F7D19309EF500F38596 /* Frameworks */,
				A1194F7C19309EF500F38596 /* Products */,
			);
			sourceTree = "<group>";
		};
		A1194F7C19309EF500F38596 /* Products */ = {
			isa = PBXGroup;
			children = (
				A1194F7B19309EF500F38596 /* netewaikenai.app */,
				A1194F9619309EF500F38596 /* netewaikenaiTests.xctest */,
			);
			name = Products;
			sourceTree = "<group>";
		};
		A1194F7D19309EF500F38596 /* Frameworks */ = {
			isa = PBXGroup;
			children = (
				A1194F7E19309EF500F38596 /* Foundation.framework */,
				A1194F8019309EF500F38596 /* CoreGraphics.framework */,
				A1194F8219309EF500F38596 /* UIKit.framework */,
				A1194F9719309EF500F38596 /* XCTest.framework */,
			);
			name = Frameworks;
			sourceTree = "<group>";
		};
		A1194F8419309EF500F38596 /* netewaikenai */ = {
			isa = PBXGroup;
			children = (
				A1194F8D19309EF500F38596 /* AppDelegate.h */,
				A1194F8E19309EF500F38596 /* AppDelegate.m */,
				A1194FAD1930A00A00F38596 /* TopViewController.h */,
				A1194FAE1930A00A00F38596 /* TopViewController.m */,
				A1194FB21930B4B500F38596 /* GameViewController.h */,
				A1194FB31930B4B500F38596 /* GameViewController.m */,
				A1194FB01930A6B000F38596 /* hiyo.png */,
				A1194F9019309EF500F38596 /* Images.xcassets */,
				A1194F8519309EF500F38596 /* Supporting Files */,
			);
			path = netewaikenai;
			sourceTree = "<group>";
		};
		A1194F8519309EF500F38596 /* Supporting Files */ = {
			isa = PBXGroup;
			children = (
				A1194F8619309EF500F38596 /* netewaikenai-Info.plist */,
				A1194F8719309EF500F38596 /* InfoPlist.strings */,
				A1194F8A19309EF500F38596 /* main.m */,
				A1194F8C19309EF500F38596 /* netewaikenai-Prefix.pch */,
			);
			name = "Supporting Files";
			sourceTree = "<group>";
		};
		A1194F9D19309EF500F38596 /* netewaikenaiTests */ = {
			isa = PBXGroup;
			children = (
				A1194FA319309EF500F38596 /* netewaikenaiTests.m */,
				A1194F9E19309EF500F38596 /* Supporting Files */,
			);
			path = netewaikenaiTests;
			sourceTree = "<group>";
		};
		A1194F9E19309EF500F38596 /* Supporting Files */ = {
			isa = PBXGroup;
			children = (
				A1194F9F19309EF500F38596 /* netewaikenaiTests-Info.plist */,
				A1194FA019309EF500F38596 /* InfoPlist.strings */,
			);
			name = "Supporting Files";
			sourceTree = "<group>";
		};
/* End PBXGroup section */

/* Begin PBXNativeTarget section */
		A1194F7A19309EF400F38596 /* netewaikenai */ = {
			isa = PBXNativeTarget;
			buildConfigurationList = A1194FA719309EF500F38596 /* Build configuration list for PBXNativeTarget "netewaikenai" */;
			buildPhases = (
				A1194F7719309EF400F38596 /* Sources */,
				A1194F7819309EF400F38596 /* Frameworks */,
				A1194F7919309EF400F38596 /* Resources */,
			);
			buildRules = (
			);
			dependencies = (
			);
			name = netewaikenai;
			productName = netewaikenai;
			productReference = A1194F7B19309EF500F38596 /* netewaikenai.app */;
			productType = "com.apple.product-type.application";
		};
		A1194F9519309EF500F38596 /* netewaikenaiTests */ = {
			isa = PBXNativeTarget;
			buildConfigurationList = A1194FAA19309EF500F38596 /* Build configuration list for PBXNativeTarget "netewaikenaiTests" */;
			buildPhases = (
				A1194F9219309EF500F38596 /* Sources */,
				A1194F9319309EF500F38596 /* Frameworks */,
				A1194F9419309EF500F38596 /* Resources */,
			);
			buildRules = (
			);
			dependencies = (
				A1194F9C19309EF500F38596 /* PBXTargetDependency */,
			);
			name = netewaikenaiTests;
			productName = netewaikenaiTests;
			productReference = A1194F9619309EF500F38596 /* netewaikenaiTests.xctest */;
			productType = "com.apple.product-type.bundle.unit-test";
		};
/* End PBXNativeTarget section */

/* Begin PBXProject section */
		A1194F7319309EF400F38596 /* Project object */ = {
			isa = PBXProject;
			attributes = {
				LastUpgradeCheck = 0510;
				ORGANIZATIONNAME = kixixixixi;
				TargetAttributes = {
					A1194F9519309EF500F38596 = {
						TestTargetID = A1194F7A19309EF400F38596;
					};
				};
			};
			buildConfigurationList = A1194F7619309EF400F38596 /* Build configuration list for PBXProject "netewaikenai" */;
			compatibilityVersion = "Xcode 3.2";
			developmentRegion = English;
			hasScannedForEncodings = 0;
			knownRegions = (
				en,
			);
			mainGroup = A1194F7219309EF400F38596;
			productRefGroup = A1194F7C19309EF500F38596 /* Products */;
			projectDirPath = "";
			projectRoot = "";
			targets = (
				A1194F7A19309EF400F38596 /* netewaikenai */,
				A1194F9519309EF500F38596 /* netewaikenaiTests */,
			);
		};
/* End PBXProject section */

/* Begin PBXResourcesBuildPhase section */
		A1194F7919309EF400F38596 /* Resources */ = {
			isa = PBXResourcesBuildPhase;
			buildActionMask = 2147483647;
			files = (
				A1194F8919309EF500F38596 /* InfoPlist.strings in Resources */,
				A1194F9119309EF500F38596 /* Images.xcassets in Resources */,
				A1194FB11930A6B000F38596 /* hiyo.png in Resources */,
			);
			runOnlyForDeploymentPostprocessing = 0;
		};
		A1194F9419309EF500F38596 /* Resources */ = {
			isa = PBXResourcesBuildPhase;
			buildActionMask = 2147483647;
			files = (
				A1194FA219309EF500F38596 /* InfoPlist.strings in Resources */,
			);
			runOnlyForDeploymentPostprocessing = 0;
		};
/* End PBXResourcesBuildPhase section */

/* Begin PBXSourcesBuildPhase section */
		A1194F7719309EF400F38596 /* Sources */ = {
			isa = PBXSourcesBuildPhase;
			buildActionMask = 2147483647;
			files = (
				A1194FB41930B4B500F38596 /* GameViewController.m in Sources */,
				A1194F8F19309EF500F38596 /* AppDelegate.m in Sources */,
				A1194F8B19309EF500F38596 /* main.m in Sources */,
				A1194FAF1930A00A00F38596 /* TopViewController.m in Sources */,
			);
			runOnlyForDeploymentPostprocessing = 0;
		};
		A1194F9219309EF500F38596 /* Sources */ = {
			isa = PBXSourcesBuildPhase;
			buildActionMask = 2147483647;
			files = (
				A1194FA419309EF500F38596 /* netewaikenaiTests.m in Sources */,
			);
			runOnlyForDeploymentPostprocessing = 0;
		};
/* End PBXSourcesBuildPhase section */

/* Begin PBXTargetDependency section */
		A1194F9C19309EF500F38596 /* PBXTargetDependency */ = {
			isa = PBXTargetDependency;
			target = A1194F7A19309EF400F38596 /* netewaikenai */;
			targetProxy = A1194F9B19309EF500F38596 /* PBXContainerItemProxy */;
		};
/* End PBXTargetDependency section */

/* Begin PBXVariantGroup section */
		A1194F8719309EF500F38596 /* InfoPlist.strings */ = {
			isa = PBXVariantGroup;
			children = (
				A1194F8819309EF500F38596 /* en */,
			);
			name = InfoPlist.strings;
			sourceTree = "<group>";
		};
		A1194FA019309EF500F38596 /* InfoPlist.strings */ = {
			isa = PBXVariantGroup;
			children = (
				A1194FA119309EF500F38596 /* en */,
			);
			name = InfoPlist.strings;
			sourceTree = "<group>";
		};
/* End PBXVariantGroup section */

/* Begin XCBuildConfiguration section */
		A1194FA519309EF500F38596 /* Debug */ = {
			isa = XCBuildConfiguration;
			buildSettings = {
				ALWAYS_SEARCH_USER_PATHS = NO;
				CLANG_CXX_LANGUAGE_STANDARD = "gnu++0x";
				CLANG_CXX_LIBRARY = "libc++";
				CLANG_ENABLE_MODULES = YES;
				CLANG_ENABLE_OBJC_ARC = YES;
				CLANG_WARN_BOOL_CONVERSION = YES;
				CLANG_WARN_CONSTANT_CONVERSION = YES;
				CLANG_WARN_DIRECT_OBJC_ISA_USAGE = YES_ERROR;
				CLANG_WARN_EMPTY_BODY = YES;
				CLANG_WARN_ENUM_CONVERSION = YES;
				CLANG_WARN_INT_CONVERSION = YES;
				CLANG_WARN_OBJC_ROOT_CLASS = YES_ERROR;
				CLANG_WARN__DUPLICATE_METHOD_MATCH = YES;
				"CODE_SIGN_IDENTITY[sdk=iphoneos*]" = "iPhone Developer";
				COPY_PHASE_STRIP = NO;
				GCC_C_LANGUAGE_STANDARD = gnu99;
				GCC_DYNAMIC_NO_PIC = NO;
				GCC_OPTIMIZATION_LEVEL = 0;
				GCC_PREPROCESSOR_DEFINITIONS = (
					"DEBUG=1",
					"$(inherited)",
				);
				GCC_SYMBOLS_PRIVATE_EXTERN = NO;
				GCC_WARN_64_TO_32_BIT_CONVERSION = YES;
				GCC_WARN_ABOUT_RETURN_TYPE = YES_ERROR;
				GCC_WARN_UNDECLARED_SELECTOR = YES;
				GCC_WARN_UNINITIALIZED_AUTOS = YES_AGGRESSIVE;
				GCC_WARN_UNUSED_FUNCTION = YES;
				GCC_WARN_UNUSED_VARIABLE = YES;
				IPHONEOS_DEPLOYMENT_TARGET = 7.1;
				ONLY_ACTIVE_ARCH = YES;
				SDKROOT = iphoneos;
			};
			name = Debug;
		};
		A1194FA619309EF500F38596 /* Release */ = {
			isa = XCBuildConfiguration;
			buildSettings = {
				ALWAYS_SEARCH_USER_PATHS = NO;
				CLANG_CXX_LANGUAGE_STANDARD = "gnu++0x";
				CLANG_CXX_LIBRARY = "libc++";
				CLANG_ENABLE_MODULES = YES;
				CLANG_ENABLE_OBJC_ARC = YES;
				CLANG_WARN_BOOL_CONVERSION = YES;
				CLANG_WARN_CONSTANT_CONVERSION = YES;
				CLANG_WARN_DIRECT_OBJC_ISA_USAGE = YES_ERROR;
				CLANG_WARN_EMPTY_BODY = YES;
				CLANG_WARN_ENUM_CONVERSION = YES;
				CLANG_WARN_INT_CONVERSION = YES;
				CLANG_WARN_OBJC_ROOT_CLASS = YES_ERROR;
				CLANG_WARN__DUPLICATE_METHOD_MATCH = YES;
				"CODE_SIGN_IDENTITY[sdk=iphoneos*]" = "iPhone Developer";
				COPY_PHASE_STRIP = YES;
				ENABLE_NS_ASSERTIONS = NO;
				GCC_C_LANGUAGE_STANDARD = gnu99;
				GCC_WARN_64_TO_32_BIT_CONVERSION = YES;
				GCC_WARN_ABOUT_RETURN_TYPE = YES_ERROR;
				GCC_WARN_UNDECLARED_SELECTOR = YES;
				GCC_WARN_UNINITIALIZED_AUTOS = YES_AGGRESSIVE;
				GCC_WARN_UNUSED_FUNCTION = YES;
				GCC_WARN_UNUSED_VARIABLE = YES;
				IPHONEOS_DEPLOYMENT_TARGET = 7.1;
				SDKROOT = iphoneos;
				VALIDATE_PRODUCT = YES;
			};
			name = Release;
		};
		A1194FA819309EF500F38596 /* Debug */ = {
			isa = XCBuildConfiguration;
			buildSettings = {
				ASSETCATALOG_COMPILER_APPICON_NAME = AppIcon;
				ASSETCATALOG_COMPILER_LAUNCHIMAGE_NAME = LaunchImage;
				GCC_PRECOMPILE_PREFIX_HEADER = YES;
				GCC_PREFIX_HEADER = "netewaikenai/netewaikenai-Prefix.pch";
				INFOPLIST_FILE = "netewaikenai/netewaikenai-Info.plist";
				PRODUCT_NAME = "$(TARGET_NAME)";
				WRAPPER_EXTENSION = app;
			};
			name = Debug;
		};
		A1194FA919309EF500F38596 /* Release */ = {
			isa = XCBuildConfiguration;
			buildSettings = {
				ASSETCATALOG_COMPILER_APPICON_NAME = AppIcon;
				ASSETCATALOG_COMPILER_LAUNCHIMAGE_NAME = LaunchImage;
				GCC_PRECOMPILE_PREFIX_HEADER = YES;
				GCC_PREFIX_HEADER = "netewaikenai/netewaikenai-Prefix.pch";
				INFOPLIST_FILE = "netewaikenai/netewaikenai-Info.plist";
				PRODUCT_NAME = "$(TARGET_NAME)";
				WRAPPER_EXTENSION = app;
			};
			name = Release;
		};
		A1194FAB19309EF500F38596 /* Debug */ = {
			isa = XCBuildConfiguration;
			buildSettings = {
				BUNDLE_LOADER = "$(BUILT_PRODUCTS_DIR)/netewaikenai.app/netewaikenai";
				FRAMEWORK_SEARCH_PATHS = (
					"$(SDKROOT)/Developer/Library/Frameworks",
					"$(inherited)",
					"$(DEVELOPER_FRAMEWORKS_DIR)",
				);
				GCC_PRECOMPILE_PREFIX_HEADER = YES;
				GCC_PREFIX_HEADER = "netewaikenai/netewaikenai-Prefix.pch";
				GCC_PREPROCESSOR_DEFINITIONS = (
					"DEBUG=1",
					"$(inherited)",
				);
				INFOPLIST_FILE = "netewaikenaiTests/netewaikenaiTests-Info.plist";
				PRODUCT_NAME = "$(TARGET_NAME)";
				TEST_HOST = "$(BUNDLE_LOADER)";
				WRAPPER_EXTENSION = xctest;
			};
			name = Debug;
		};
		A1194FAC19309EF500F38596 /* Release */ = {
			isa = XCBuildConfiguration;
			buildSettings = {
				BUNDLE_LOADER = "$(BUILT_PRODUCTS_DIR)/netewaikenai.app/netewaikenai";
				FRAMEWORK_SEARCH_PATHS = (
					"$(SDKROOT)/Developer/Library/Frameworks",
					"$(inherited)",
					"$(DEVELOPER_FRAMEWORKS_DIR)",
				);
				GCC_PRECOMPILE_PREFIX_HEADER = YES;
				GCC_PREFIX_HEADER = "netewaikenai/netewaikenai-Prefix.pch";
				INFOPLIST_FILE = "netewaikenaiTests/netewaikenaiTests-Info.plist";
				PRODUCT_NAME = "$(TARGET_NAME)";
				TEST_HOST = "$(BUNDLE_LOADER)";
				WRAPPER_EXTENSION = xctest;
			};
			name = Release;
		};
/* End XCBuildConfiguration section */

/* Begin XCConfigurationList section */
		A1194F7619309EF400F38596 /* Build configuration list for PBXProject "netewaikenai" */ = {
			isa = XCConfigurationList;
			buildConfigurations = (
				A1194FA519309EF500F38596 /* Debug */,
				A1194FA619309EF500F38596 /* Release */,
			);
			defaultConfigurationIsVisible = 0;
			defaultConfigurationName = Release;
		};
		A1194FA719309EF500F38596 /* Build configuration list for PBXNativeTarget "netewaikenai" */ = {
			isa = XCConfigurationList;
			buildConfigurations = (
				A1194FA819309EF500F38596 /* Debug */,
				A1194FA919309EF500F38596 /* Release */,
			);
			defaultConfigurationIsVisible = 0;
		};
		A1194FAA19309EF500F38596 /* Build configuration list for PBXNativeTarget "netewaikenaiTests" */ = {
			isa = XCConfigurationList;
			buildConfigurations = (
				A1194FAB19309EF500F38596 /* Debug */,
				A1194FAC19309EF500F38596 /* Release */,
			);
			defaultConfigurationIsVisible = 0;
		};
/* End XCConfigurationList section */
	};
	rootObject = A1194F7319309EF400F38596 /* Project object */;
}
